# This file is automatically @generated by Cargo.
# It is not intended for manual editing.
version = 4

[[package]]
name = "fold-app"
version = "0.1.0"
dependencies = [
 "fold-compositor",
 "fold-media",
 "fold-motion",
 "fold-platform",
 "fold-project",
 "fold-render",
 "fold-timeline",
 "fold-ui",
]

[[package]]
name = "fold-compositor"
version = "0.1.0"
dependencies = [
 "fold-foundation",
 "fold-media",
 "fold-platform",
 "fold-project",
 "fold-render",
]

[[package]]
name = "fold-foundation"
version = "0.1.0"

[[package]]
name = "fold-media"
version = "0.1.0"
dependencies = [
 "fold-foundation",
]

[[package]]
name = "fold-motion"
version = "0.1.0"
dependencies = [
 "fold-foundation",
 "fold-media",
 "fold-platform",
 "fold-project",
 "fold-render",
]

[[package]]
name = "fold-platform"
version = "0.1.0"
dependencies = [
 "fold-foundation",
 "fold-media",
 "fold-project",
 "fold-render",
]

[[package]]
name = "fold-project"
version = "0.1.0"
dependencies = [
 "fold-foundation",
]

[[package]]
name = "fold-render"
version = "0.1.0"
dependencies = [
 "fold-foundation",
 "fold-media",
]

[[package]]
name = "fold-timeline"
version = "0.1.0"
dependencies = [
 "fold-foundation",
 "fold-media",
 "fold-platform",
 "fold-project",
 "fold-render",
]

[[package]]
name = "fold-ui"
version = "0.1.0"
dependencies = [
 "fold-foundation",
 "fold-platform",
]
